
Microsoft Visual Studio Solution File, Format Version 12.00
# Visual Studio Version 17
VisualStudioVersion = 17.0.31903.59
MinimumVisualStudioVersion = 10.0.40219.1
Project("{2150E333-8FDC-42A3-9474-1A3956D46DE8}") = "src", "src", "{827E0CD3-B72D-47B6-A68D-7590B98EB39B}"
EndProject
Project("{2150E333-8FDC-42A3-9474-1A3956D46DE8}") = "ApiGateway", "ApiGateway", "{FCA01246-F2C6-0AA7-D43F-FD13BE0B9D88}"
EndProject
Project("{FAE04EC0-301F-11D3-BF4B-00C04F79EFBC}") = "Fptu.Pgs.ApiGateway", "src\ApiGateway\Fptu.Pgs.ApiGateway\Fptu.Pgs.ApiGateway.csproj", "{A76A718F-1464-4AF5-9FE2-959B6ED96658}"
EndProject
Project("{2150E333-8FDC-42A3-9474-1A3956D46DE8}") = "BuildingBlocks", "BuildingBlocks", "{90298CBA-BD6F-3A0A-69D5-97CAD7B05E7E}"
EndProject
Project("{FAE04EC0-301F-11D3-BF4B-00C04F79EFBC}") = "Fptu.Pgs.BuildingBlocks", "src\BuildingBlocks\Fptu.Pgs.BuildingBlocks\Fptu.Pgs.BuildingBlocks.csproj", "{3D684A43-2359-42D1-967A-BF27B6EA9423}"
EndProject
Project("{FAE04EC0-301F-11D3-BF4B-00C04F79EFBC}") = "Fptu.Pgs.Contracts", "src\BuildingBlocks\Fptu.Pgs.Contracts\Fptu.Pgs.Contracts.csproj", "{287431DD-2840-4907-8CC3-70ACB5CBFE8D}"
EndProject
Project("{2150E333-8FDC-42A3-9474-1A3956D46DE8}") = "Clients", "Clients", "{00B920E4-100F-D869-D8B1-04B3A2ED45DA}"
EndProject
Project("{2150E333-8FDC-42A3-9474-1A3956D46DE8}") = "TeacherDesktop", "TeacherDesktop", "{A4268957-7ECB-7DA3-29A2-0DFB3ABB3536}"
EndProject
Project("{FAE04EC0-301F-11D3-BF4B-00C04F79EFBC}") = "Fptu.Pgs.TeacherDesktop", "src\Clients\TeacherDesktop\Fptu.Pgs.TeacherDesktop\Fptu.Pgs.TeacherDesktop.csproj", "{FE756226-4A29-46E5-8ACA-28DE8553B1CA}"
EndProject
Project("{2150E333-8FDC-42A3-9474-1A3956D46DE8}") = "Services", "Services", "{984BB9B3-3FA3-BE33-9484-CAC21695A33C}"
EndProject
Project("{2150E333-8FDC-42A3-9474-1A3956D46DE8}") = "AiGrading", "AiGrading", "{9BD27B28-1A70-CB00-D568-25264E018229}"
EndProject
Project("{FAE04EC0-301F-11D3-BF4B-00C04F79EFBC}") = "Fptu.Pgs.AiGrading.Api", "src\Services\AiGrading\Fptu.Pgs.AiGrading.Api\Fptu.Pgs.AiGrading.Api.csproj", "{7FAD217C-AD49-4904-BF3C-D9F36B5A5D91}"
EndProject
Project("{2150E333-8FDC-42A3-9474-1A3956D46DE8}") = "DocumentProcessing", "DocumentProcessing", "{62E97F6D-D6DA-775D-580B-6428B0D85AA8}"
EndProject
Project("{FAE04EC0-301F-11D3-BF4B-00C04F79EFBC}") = "Fptu.Pgs.DocumentProcessing.Api", "src\Services\DocumentProcessing\Fptu.Pgs.DocumentProcessing.Api\Fptu.Pgs.DocumentProcessing.Api.csproj", "{1243F3CD-3CCB-4789-85C8-1DFBC3CA4320}"
EndProject
Project("{2150E333-8FDC-42A3-9474-1A3956D46DE8}") = "Exam", "Exam", "{53538869-BF5C-3F92-721B-8D910E73A268}"
EndProject
Project("{FAE04EC0-301F-11D3-BF4B-00C04F79EFBC}") = "Fptu.Pgs.Exam.Api", "src\Services\Exam\Fptu.Pgs.Exam.Api\Fptu.Pgs.Exam.Api.csproj", "{5EC6B7A0-3A79-45EA-A464-2B82EE6947FE}"
EndProject
Project("{2150E333-8FDC-42A3-9474-1A3956D46DE8}") = "Identity", "Identity", "{1BFC9479-12BF-35C3-06B8-42D89D95092B}"
EndProject
Project("{FAE04EC0-301F-11D3-BF4B-00C04F79EFBC}") = "Fptu.Pgs.Identity.Api", "src\Services\Identity\Fptu.Pgs.Identity.Api\Fptu.Pgs.Identity.Api.csproj", "{A522487A-7655-4FAE-97F7-E69F36EAD4D3}"
EndProject
Project("{2150E333-8FDC-42A3-9474-1A3956D46DE8}") = "JobStatus", "JobStatus", "{9BEC29C4-2EE7-8D39-C479-8E83DCDD179B}"
EndProject
Project("{FAE04EC0-301F-11D3-BF4B-00C04F79EFBC}") = "Fptu.Pgs.JobStatus.Api", "src\Services\JobStatus\Fptu.Pgs.JobStatus.Api\Fptu.Pgs.JobStatus.Api.csproj", "{6FC219CC-BBF6-4CD1-B78E-F79490CADB7F}"
EndProject
Project("{2150E333-8FDC-42A3-9474-1A3956D46DE8}") = "ReportAudit", "ReportAudit", "{D9F5DFDC-CBDD-0AF4-B906-DE921DD6D3E6}"
EndProject
Project("{FAE04EC0-301F-11D3-BF4B-00C04F79EFBC}") = "Fptu.Pgs.ReportAudit.Api", "src\Services\ReportAudit\Fptu.Pgs.ReportAudit.Api\Fptu.Pgs.ReportAudit.Api.csproj", "{D988E054-44A1-47D9-B8CA-C803312943EF}"
EndProject
Project("{2150E333-8FDC-42A3-9474-1A3956D46DE8}") = "ReviewScore", "ReviewScore", "{1FF7CCC4-F3EE-9163-03D0-95E535CE9246}"
EndProject
Project("{FAE04EC0-301F-11D3-BF4B-00C04F79EFBC}") = "Fptu.Pgs.ReviewScore.Api", "src\Services\ReviewScore\Fptu.Pgs.ReviewScore.Api\Fptu.Pgs.ReviewScore.Api.csproj", "{EC512DF6-7CFA-4CA3-ABC1-887CF65D3B0B}"
EndProject
Project("{2150E333-8FDC-42A3-9474-1A3956D46DE8}") = "Submission", "Submission", "{D8DC47A5-983C-1CD5-39FF-4DD844C6885E}"
EndProject
Project("{FAE04EC0-301F-11D3-BF4B-00C04F79EFBC}") = "Fptu.Pgs.Submission.Api", "src\Services\Submission\Fptu.Pgs.Submission.Api\Fptu.Pgs.Submission.Api.csproj", "{AA1E9F3F-7E1B-461E-86EA-08E5A07576A5}"
EndProject
Project("{2150E333-8FDC-42A3-9474-1A3956D46DE8}") = "tests", "tests", "{0AB3BF05-4346-4AA6-1389-037BE0695223}"
EndProject
Project("{FAE04EC0-301F-11D3-BF4B-00C04F79EFBC}") = "Fptu.Pgs.Architecture.Tests", "tests\Fptu.Pgs.Architecture.Tests\Fptu.Pgs.Architecture.Tests.csproj", "{3CD5BD17-2DCC-4365-B533-1A27020390CE}"
EndProject
Global
	GlobalSection(SolutionConfigurationPlatforms) = preSolution
		Debug|Any CPU = Debug|Any CPU
		Debug|x64 = Debug|x64
		Debug|x86 = Debug|x86
		Release|Any CPU = Release|Any CPU
		Release|x64 = Release|x64
		Release|x86 = Release|x86
	EndGlobalSection
	GlobalSection(ProjectConfigurationPlatforms) = postSolution
		{A76A718F-1464-4AF5-9FE2-959B6ED96658}.Debug|Any CPU.ActiveCfg = Debug|Any CPU
		{A76A718F-1464-4AF5-9FE2-959B6ED96658}.Debug|Any CPU.Build.0 = Debug|Any CPU
		{A76A718F-1464-4AF5-9FE2-959B6ED96658}.Debug|x64.ActiveCfg = Debug|Any CPU
		{A76A718F-1464-4AF5-9FE2-959B6ED96658}.Debug|x64.Build.0 = Debug|Any CPU
		{A76A718F-1464-4AF5-9FE2-959B6ED96658}.Debug|x86.ActiveCfg = Debug|Any CPU
		{A76A718F-1464-4AF5-9FE2-959B6ED96658}.Debug|x86.Build.0 = Debug|Any CPU
		{A76A718F-1464-4AF5-9FE2-959B6ED96658}.Release|Any CPU.ActiveCfg = Release|Any CPU
		{A76A718F-1464-4AF5-9FE2-959B6ED96658}.Release|Any CPU.Build.0 = Release|Any CPU
		{A76A718F-1464-4AF5-9FE2-959B6ED96658}.Release|x64.ActiveCfg = Release|Any CPU
		{A76A718F-1464-4AF5-9FE2-959B6ED96658}.Release|x64.Build.0 = Release|Any CPU
		{A76A718F-1464-4AF5-9FE2-959B6ED96658}.Release|x86.ActiveCfg = Release|Any CPU
		{A76A718F-1464-4AF5-9FE2-959B6ED96658}.Release|x86.Build.0 = Release|Any CPU
		{3D684A43-2359-42D1-967A-BF27B6EA9423}.Debug|Any CPU.ActiveCfg = Debug|Any CPU
		{3D684A43-2359-42D1-967A-BF27B6EA9423}.Debug|Any CPU.Build.0 = Debug|Any CPU
		{3D684A43-2359-42D1-967A-BF27B6EA9423}.Debug|x64.ActiveCfg = Debug|Any CPU
		{3D684A43-2359-42D1-967A-BF27B6EA9423}.Debug|x64.Build.0 = Debug|Any CPU
		{3D684A43-2359-42D1-967A-BF27B6EA9423}.Debug|x86.ActiveCfg = Debug|Any CPU
		{3D684A43-2359-42D1-967A-BF27B6EA9423}.Debug|x86.Build.0 = Debug|Any CPU
		{3D684A43-2359-42D1-967A-BF27B6EA9423}.Release|Any CPU.ActiveCfg = Release|Any CPU
		{3D684A43-2359-42D1-967A-BF27B6EA9423}.Release|Any CPU.Build.0 = Release|Any CPU
		{3D684A43-2359-42D1-967A-BF27B6EA9423}.Release|x64.ActiveCfg = Release|Any CPU
		{3D684A43-2359-42D1-967A-BF27B6EA9423}.Release|x64.Build.0 = Release|Any CPU
		{3D684A43-2359-42D1-967A-BF27B6EA9423}.Release|x86.ActiveCfg = Release|Any CPU
		{3D684A43-2359-42D1-967A-BF27B6EA9423}.Release|x86.Build.0 = Release|Any CPU
		{287431DD-2840-4907-8CC3-70ACB5CBFE8D}.Debug|Any CPU.ActiveCfg = Debug|Any CPU
		{287431DD-2840-4907-8CC3-70ACB5CBFE8D}.Debug|Any CPU.Build.0 = Debug|Any CPU
		{287431DD-2840-4907-8CC3-70ACB5CBFE8D}.Debug|x64.ActiveCfg = Debug|Any CPU
		{287431DD-2840-4907-8CC3-70ACB5CBFE8D}.Debug|x64.Build.0 = Debug|Any CPU
		{287431DD-2840-4907-8CC3-70ACB5CBFE8D}.Debug|x86.ActiveCfg = Debug|Any CPU
		{287431DD-2840-4907-8CC3-70ACB5CBFE8D}.Debug|x86.Build.0 = Debug|Any CPU
		{287431DD-2840-4907-8CC3-70ACB5CBFE8D}.Release|Any CPU.ActiveCfg = Release|Any CPU
		{287431DD-2840-4907-8CC3-70ACB5CBFE8D}.Release|Any CPU.Build.0 = Release|Any CPU
		{287431DD-2840-4907-8CC3-70ACB5CBFE8D}.Release|x64.ActiveCfg = Release|Any CPU
		{287431DD-2840-4907-8CC3-70ACB5CBFE8D}.Release|x64.Build.0 = Release|Any CPU
		{287431DD-2840-4907-8CC3-70ACB5CBFE8D}.Release|x86.ActiveCfg = Release|Any CPU
		{287431DD-2840-4907-8CC3-70ACB5CBFE8D}.Release|x86.Build.0 = Release|Any CPU
		{FE756226-4A29-46E5-8ACA-28DE8553B1CA}.Debug|Any CPU.ActiveCfg = Debug|Any CPU
		{FE756226-4A29-46E5-8ACA-28DE8553B1CA}.Debug|Any CPU.Build.0 = Debug|Any CPU
		{FE756226-4A29-46E5-8ACA-28DE8553B1CA}.Debug|x64.ActiveCfg = Debug|Any CPU
		{FE756226-4A29-46E5-8ACA-28DE8553B1CA}.Debug|x64.Build.0 = Debug|Any CPU
		{FE756226-4A29-46E5-8ACA-28DE8553B1CA}.Debug|x86.ActiveCfg = Debug|Any CPU
		{FE756226-4A29-46E5-8ACA-28DE8553B1CA}.Debug|x86.Build.0 = Debug|Any CPU
		{FE756226-4A29-46E5-8ACA-28DE8553B1CA}.Release|Any CPU.ActiveCfg = Release|Any CPU
		{FE756226-4A29-46E5-8ACA-28DE8553B1CA}.Release|Any CPU.Build.0 = Release|Any CPU
		{FE756226-4A29-46E5-8ACA-28DE8553B1CA}.Release|x64.ActiveCfg = Release|Any CPU
		{FE756226-4A29-46E5-8ACA-28DE8553B1CA}.Release|x64.Build.0 = Release|Any CPU
		{FE756226-4A29-46E5-8ACA-28DE8553B1CA}.Release|x86.ActiveCfg = Release|Any CPU
		{FE756226-4A29-46E5-8ACA-28DE8553B1CA}.Release|x86.Build.0 = Release|Any CPU
		{7FAD217C-AD49-4904-BF3C-D9F36B5A5D91}.Debug|Any CPU.ActiveCfg = Debug|Any CPU
		{7FAD217C-AD49-4904-BF3C-D9F36B5A5D91}.Debug|Any CPU.Build.0 = Debug|Any CPU
		{7FAD217C-AD49-4904-BF3C-D9F36B5A5D91}.Debug|x64.ActiveCfg = Debug|Any CPU
		{7FAD217C-AD49-4904-BF3C-D9F36B5A5D91}.Debug|x64.Build.0 = Debug|Any CPU
		{7FAD217C-AD49-4904-BF3C-D9F36B5A5D91}.Debug|x86.ActiveCfg = Debug|Any CPU
		{7FAD217C-AD49-4904-BF3C-D9F36B5A5D91}.Debug|x86.Build.0 = Debug|Any CPU
		{7FAD217C-AD49-4904-BF3C-D9F36B5A5D91}.Release|Any CPU.ActiveCfg = Release|Any CPU
		{7FAD217C-AD49-4904-BF3C-D9F36B5A5D91}.Release|Any CPU.Build.0 = Release|Any CPU
		{7FAD217C-AD49-4904-BF3C-D9F36B5A5D91}.Release|x64.ActiveCfg = Release|Any CPU
		{7FAD217C-AD49-4904-BF3C-D9F36B5A5D91}.Release|x64.Build.0 = Release|Any CPU
		{7FAD217C-AD49-4904-BF3C-D9F36B5A5D91}.Release|x86.ActiveCfg = Release|Any CPU
		{7FAD217C-AD49-4904-BF3C-D9F36B5A5D91}.Release|x86.Build.0 = Release|Any CPU
		{1243F3CD-3CCB-4789-85C8-1DFBC3CA4320}.Debug|Any CPU.ActiveCfg = Debug|Any CPU
		{1243F3CD-3CCB-4789-85C8-1DFBC3CA4320}.Debug|Any CPU.Build.0 = Debug|Any CPU
		{1243F3CD-3CCB-4789-85C8-1DFBC3CA4320}.Debug|x64.ActiveCfg = Debug|Any CPU
		{1243F3CD-3CCB-4789-85C8-1DFBC3CA4320}.Debug|x64.Build.0 = Debug|Any CPU
		{1243F3CD-3CCB-4789-85C8-1DFBC3CA4320}.Debug|x86.ActiveCfg = Debug|Any CPU
		{1243F3CD-3CCB-4789-85C8-1DFBC3CA4320}.Debug|x86.Build.0 = Debug|Any CPU
		{1243F3CD-3CCB-4789-85C8-1DFBC3CA4320}.Release|Any CPU.ActiveCfg = Release|Any CPU
		{1243F3CD-3CCB-4789-85C8-1DFBC3CA4320}.Release|Any CPU.Build.0 = Release|Any CPU
		{1243F3CD-3CCB-4789-85C8-1DFBC3CA4320}.Release|x64.ActiveCfg = Release|Any CPU
		{1243F3CD-3CCB-4789-85C8-1DFBC3CA4320}.Release|x64.Build.0 = Release|Any CPU
		{1243F3CD-3CCB-4789-85C8-1DFBC3CA4320}.Release|x86.ActiveCfg = Release|Any CPU
		{1243F3CD-3CCB-4789-85C8-1DFBC3CA4320}.Release|x86.Build.0 = Release|Any CPU
		{5EC6B7A0-3A79-45EA-A464-2B82EE6947FE}.Debug|Any CPU.ActiveCfg = Debug|Any CPU
		{5EC6B7A0-3A79-45EA-A464-2B82EE6947FE}.Debug|Any CPU.Build.0 = Debug|Any CPU
		{5EC6B7A0-3A79-45EA-A464-2B82EE6947FE}.Debug|x64.ActiveCfg = Debug|Any CPU
		{5EC6B7A0-3A79-45EA-A464-2B82EE6947FE}.Debug|x64.Build.0 = Debug|Any CPU
		{5EC6B7A0-3A79-45EA-A464-2B82EE6947FE}.Debug|x86.ActiveCfg = Debug|Any CPU
		{5EC6B7A0-3A79-45EA-A464-2B82EE6947FE}.Debug|x86.Build.0 = Debug|Any CPU
		{5EC6B7A0-3A79-45EA-A464-2B82EE6947FE}.Release|Any CPU.ActiveCfg = Release|Any CPU
		{5EC6B7A0-3A79-45EA-A464-2B82EE6947FE}.Release|Any CPU.Build.0 = Release|Any CPU
		{5EC6B7A0-3A79-45EA-A464-2B82EE6947FE}.Release|x64.ActiveCfg = Release|Any CPU
		{5EC6B7A0-3A79-45EA-A464-2B82EE6947FE}.Release|x64.Build.0 = Release|Any CPU
		{5EC6B7A0-3A79-45EA-A464-2B82EE6947FE}.Release|x86.ActiveCfg = Release|Any CPU
		{5EC6B7A0-3A79-45EA-A464-2B82EE6947FE}.Release|x86.Build.0 = Release|Any CPU
		{A522487A-7655-4FAE-97F7-E69F36EAD4D3}.Debug|Any CPU.ActiveCfg = Debug|Any CPU
		{A522487A-7655-4FAE-97F7-E69F36EAD4D3}.Debug|Any CPU.Build.0 = Debug|Any CPU
		{A522487A-7655-4FAE-97F7-E69F36EAD4D3}.Debug|x64.ActiveCfg = Debug|Any CPU
		{A522487A-7655-4FAE-97F7-E69F36EAD4D3}.Debug|x64.Build.0 = Debug|Any CPU
		{A522487A-7655-4FAE-97F7-E69F36EAD4D3}.Debug|x86.ActiveCfg = Debug|Any CPU
		{A522487A-7655-4FAE-97F7-E69F36EAD4D3}.Debug|x86.Build.0 = Debug|Any CPU
		{A522487A-7655-4FAE-97F7-E69F36EAD4D3}.Release|Any CPU.ActiveCfg = Release|Any CPU
		{A522487A-7655-4FAE-97F7-E69F36EAD4D3}.Release|Any CPU.Build.0 = Release|Any CPU
		{A522487A-7655-4FAE-97F7-E69F36EAD4D3}.Release|x64.ActiveCfg = Release|Any CPU
		{A522487A-7655-4FAE-97F7-E69F36EAD4D3}.Release|x64.Build.0 = Release|Any CPU
		{A522487A-7655-4FAE-97F7-E69F36EAD4D3}.Release|x86.ActiveCfg = Release|Any CPU
		{A522487A-7655-4FAE-97F7-E69F36EAD4D3}.Release|x86.Build.0 = Release|Any CPU
		{6FC219CC-BBF6-4CD1-B78E-F79490CADB7F}.Debug|Any CPU.ActiveCfg = Debug|Any CPU
		{6FC219CC-BBF6-4CD1-B78E-F79490CADB7F}.Debug|Any CPU.Build.0 = Debug|Any CPU
		{6FC219CC-BBF6-4CD1-B78E-F79490CADB7F}.Debug|x64.ActiveCfg = Debug|Any CPU
		{6FC219CC-BBF6-4CD1-B78E-F79490CADB7F}.Debug|x64.Build.0 = Debug|Any CPU
		{6FC219CC-BBF6-4CD1-B78E-F79490CADB7F}.Debug|x86.ActiveCfg = Debug|Any CPU
		{6FC219CC-BBF6-4CD1-B78E-F79490CADB7F}.Debug|x86.Build.0 = Debug|Any CPU
		{6FC219CC-BBF6-4CD1-B78E-F79490CADB7F}.Release|Any CPU.ActiveCfg = Release|Any CPU
		{6FC219CC-BBF6-4CD1-B78E-F79490CADB7F}.Release|Any CPU.Build.0 = Release|Any CPU
		{6FC219CC-BBF6-4CD1-B78E-F79490CADB7F}.Release|x64.ActiveCfg = Release|Any CPU
		{6FC219CC-BBF6-4CD1-B78E-F79490CADB7F}.Release|x64.Build.0 = Release|Any CPU
		{6FC219CC-BBF6-4CD1-B78E-F79490CADB7F}.Release|x86.ActiveCfg = Release|Any CPU
		{6FC219CC-BBF6-4CD1-B78E-F79490CADB7F}.Release|x86.Build.0 = Release|Any CPU
		{D988E054-44A1-47D9-B8CA-C803312943EF}.Debug|Any CPU.ActiveCfg = Debug|Any CPU
		{D988E054-44A1-47D9-B8CA-C803312943EF}.Debug|Any CPU.Build.0 = Debug|Any CPU
		{D988E054-44A1-47D9-B8CA-C803312943EF}.Debug|x64.ActiveCfg = Debug|Any CPU
		{D988E054-44A1-47D9-B8CA-C803312943EF}.Debug|x64.Build.0 = Debug|Any CPU
		{D988E054-44A1-47D9-B8CA-C803312943EF}.Debug|x86.ActiveCfg = Debug|Any CPU
		{D988E054-44A1-47D9-B8CA-C803312943EF}.Debug|x86.Build.0 = Debug|Any CPU
		{D988E054-44A1-47D9-B8CA-C803312943EF}.Release|Any CPU.ActiveCfg = Release|Any CPU
		{D988E054-44A1-47D9-B8CA-C803312943EF}.Release|Any CPU.Build.0 = Release|Any CPU
		{D988E054-44A1-47D9-B8CA-C803312943EF}.Release|x64.ActiveCfg = Release|Any CPU
		{D988E054-44A1-47D9-B8CA-C803312943EF}.Release|x64.Build.0 = Release|Any CPU
		{D988E054-44A1-47D9-B8CA-C803312943EF}.Release|x86.ActiveCfg = Release|Any CPU
		{D988E054-44A1-47D9-B8CA-C803312943EF}.Release|x86.Build.0 = Release|Any CPU
		{EC512DF6-7CFA-4CA3-ABC1-887CF65D3B0B}.Debug|Any CPU.ActiveCfg = Debug|Any CPU
		{EC512DF6-7CFA-4CA3-ABC1-887CF65D3B0B}.Debug|Any CPU.Build.0 = Debug|Any CPU
		{EC512DF6-7CFA-4CA3-ABC1-887CF65D3B0B}.Debug|x64.ActiveCfg = Debug|Any CPU
		{EC512DF6-7CFA-4CA3-ABC1-887CF65D3B0B}.Debug|x64.Build.0 = Debug|Any CPU
		{EC512DF6-7CFA-4CA3-ABC1-887CF65D3B0B}.Debug|x86.ActiveCfg = Debug|Any CPU
		{EC512DF6-7CFA-4CA3-ABC1-887CF65D3B0B}.Debug|x86.Build.0 = Debug|Any CPU
		{EC512DF6-7CFA-4CA3-ABC1-887CF65D3B0B}.Release|Any CPU.ActiveCfg = Release|Any CPU
		{EC512DF6-7CFA-4CA3-ABC1-887CF65D3B0B}.Release|Any CPU.Build.0 = Release|Any CPU
		{EC512DF6-7CFA-4CA3-ABC1-887CF65D3B0B}.Release|x64.ActiveCfg = Release|Any CPU
		{EC512DF6-7CFA-4CA3-ABC1-887CF65D3B0B}.Release|x64.Build.0 = Release|Any CPU
		{EC512DF6-7CFA-4CA3-ABC1-887CF65D3B0B}.Release|x86.ActiveCfg = Release|Any CPU
		{EC512DF6-7CFA-4CA3-ABC1-887CF65D3B0B}.Release|x86.Build.0 = Release|Any CPU
		{AA1E9F3F-7E1B-461E-86EA-08E5A07576A5}.Debug|Any CPU.ActiveCfg = Debug|Any CPU
		{AA1E9F3F-7E1B-461E-86EA-08E5A07576A5}.Debug|Any CPU.Build.0 = Debug|Any CPU
		{AA1E9F3F-7E1B-461E-86EA-08E5A07576A5}.Debug|x64.ActiveCfg = Debug|Any CPU
		{AA1E9F3F-7E1B-461E-86EA-08E5A07576A5}.Debug|x64.Build.0 = Debug|Any CPU
		{AA1E9F3F-7E1B-461E-86EA-08E5A07576A5}.Debug|x86.ActiveCfg = Debug|Any CPU
		{AA1E9F3F-7E1B-461E-86EA-08E5A07576A5}.Debug|x86.Build.0 = Debug|Any CPU
		{AA1E9F3F-7E1B-461E-86EA-08E5A07576A5}.Release|Any CPU.ActiveCfg = Release|Any CPU
		{AA1E9F3F-7E1B-461E-86EA-08E5A07576A5}.Release|Any CPU.Build.0 = Release|Any CPU
		{AA1E9F3F-7E1B-461E-86EA-08E5A07576A5}.Release|x64.ActiveCfg = Release|Any CPU
		{AA1E9F3F-7E1B-461E-86EA-08E5A07576A5}.Release|x64.Build.0 = Release|Any CPU
		{AA1E9F3F-7E1B-461E-86EA-08E5A07576A5}.Release|x86.ActiveCfg = Release|Any CPU
		{AA1E9F3F-7E1B-461E-86EA-08E5A07576A5}.Release|x86.Build.0 = Release|Any CPU
		{3CD5BD17-2DCC-4365-B533-1A27020390CE}.Debug|Any CPU.ActiveCfg = Debug|Any CPU
		{3CD5BD17-2DCC-4365-B533-1A27020390CE}.Debug|Any CPU.Build.0 = Debug|Any CPU
		{3CD5BD17-2DCC-4365-B533-1A27020390CE}.Debug|x64.ActiveCfg = Debug|Any CPU
		{3CD5BD17-2DCC-4365-B533-1A27020390CE}.Debug|x64.Build.0 = Debug|Any CPU
		{3CD5BD17-2DCC-4365-B533-1A27020390CE}.Debug|x86.ActiveCfg = Debug|Any CPU
		{3CD5BD17-2DCC-4365-B533-1A27020390CE}.Debug|x86.Build.0 = Debug|Any CPU
		{3CD5BD17-2DCC-4365-B533-1A27020390CE}.Release|Any CPU.ActiveCfg = Release|Any CPU
		{3CD5BD17-2DCC-4365-B533-1A27020390CE}.Release|Any CPU.Build.0 = Release|Any CPU
		{3CD5BD17-2DCC-4365-B533-1A27020390CE}.Release|x64.ActiveCfg = Release|Any CPU
		{3CD5BD17-2DCC-4365-B533-1A27020390CE}.Release|x64.Build.0 = Release|Any CPU
		{3CD5BD17-2DCC-4365-B533-1A27020390CE}.Release|x86.ActiveCfg = Release|Any CPU
		{3CD5BD17-2DCC-4365-B533-1A27020390CE}.Release|x86.Build.0 = Release|Any CPU
	EndGlobalSection
	GlobalSection(SolutionProperties) = preSolution
		HideSolutionNode = FALSE
	EndGlobalSection
	GlobalSection(NestedProjects) = preSolution
		{FCA01246-F2C6-0AA7-D43F-FD13BE0B9D88} = {827E0CD3-B72D-47B6-A68D-7590B98EB39B}
		{A76A718F-1464-4AF5-9FE2-959B6ED96658} = {FCA01246-F2C6-0AA7-D43F-FD13BE0B9D88}
		{90298CBA-BD6F-3A0A-69D5-97CAD7B05E7E} = {827E0CD3-B72D-47B6-A68D-7590B98EB39B}
		{3D684A43-2359-42D1-967A-BF27B6EA9423} = {90298CBA-BD6F-3A0A-69D5-97CAD7B05E7E}
		{287431DD-2840-4907-8CC3-70ACB5CBFE8D} = {90298CBA-BD6F-3A0A-69D5-97CAD7B05E7E}
		{00B920E4-100F-D869-D8B1-04B3A2ED45DA} = {827E0CD3-B72D-47B6-A68D-7590B98EB39B}
		{A4268957-7ECB-7DA3-29A2-0DFB3ABB3536} = {00B920E4-100F-D869-D8B1-04B3A2ED45DA}
		{FE756226-4A29-46E5-8ACA-28DE8553B1CA} = {A4268957-7ECB-7DA3-29A2-0DFB3ABB3536}
		{984BB9B3-3FA3-BE33-9484-CAC21695A33C} = {827E0CD3-B72D-47B6-A68D-7590B98EB39B}
		{9BD27B28-1A70-CB00-D568-25264E018229} = {984BB9B3-3FA3-BE33-9484-CAC21695A33C}
		{7FAD217C-AD49-4904-BF3C-D9F36B5A5D91} = {9BD27B28-1A70-CB00-D568-25264E018229}
		{62E97F6D-D6DA-775D-580B-6428B0D85AA8} = {984BB9B3-3FA3-BE33-9484-CAC21695A33C}
		{1243F3CD-3CCB-4789-85C8-1DFBC3CA4320} = {62E97F6D-D6DA-775D-580B-6428B0D85AA8}
		{53538869-BF5C-3F92-721B-8D910E73A268} = {984BB9B3-3FA3-BE33-9484-CAC21695A33C}
		{5EC6B7A0-3A79-45EA-A464-2B82EE6947FE} = {53538869-BF5C-3F92-721B-8D910E73A268}
		{1BFC9479-12BF-35C3-06B8-42D89D95092B} = {984BB9B3-3FA3-BE33-9484-CAC21695A33C}
		{A522487A-7655-4FAE-97F7-E69F36EAD4D3} = {1BFC9479-12BF-35C3-06B8-42D89D95092B}
		{9BEC29C4-2EE7-8D39-C479-8E83DCDD179B} = {984BB9B3-3FA3-BE33-9484-CAC21695A33C}
		{6FC219CC-BBF6-4CD1-B78E-F79490CADB7F} = {9BEC29C4-2EE7-8D39-C479-8E83DCDD179B}
		{D9F5DFDC-CBDD-0AF4-B906-DE921DD6D3E6} = {984BB9B3-3FA3-BE33-9484-CAC21695A33C}
		{D988E054-44A1-47D9-B8CA-C803312943EF} = {D9F5DFDC-CBDD-0AF4-B906-DE921DD6D3E6}
		{1FF7CCC4-F3EE-9163-03D0-95E535CE9246} = {984BB9B3-3FA3-BE33-9484-CAC21695A33C}
		{EC512DF6-7CFA-4CA3-ABC1-887CF65D3B0B} = {1FF7CCC4-F3EE-9163-03D0-95E535CE9246}
		{D8DC47A5-983C-1CD5-39FF-4DD844C6885E} = {984BB9B3-3FA3-BE33-9484-CAC21695A33C}
		{AA1E9F3F-7E1B-461E-86EA-08E5A07576A5} = {D8DC47A5-983C-1CD5-39FF-4DD844C6885E}
		{3CD5BD17-2DCC-4365-B533-1A27020390CE} = {0AB3BF05-4346-4AA6-1389-037BE0695223}
	EndGlobalSection
EndGlobal
